
Microsoft Visual Studio Solution File, Format Version 12.00
# Visual Studio 15
VisualStudioVersion = 15.0.28307.757
MinimumVisualStudioVersion = 10.0.40219.1
Project("{FAE04EC0-301F-11D3-BF4B-00C04F79EFBC}") = "MowTheLawn", "MowTheLawn\MowTheLawn.csproj", "{C1F978F6-4BD1-45E5-A03E-8FDB257799F4}"
EndProject
Project("{FAE04EC0-301F-11D3-BF4B-00C04F79EFBC}") = "MowTheLawnTests", "MowTheLawnTests\MowTheLawnTests.csproj", "{7AF781AA-BAAE-48C5-86EB-800C7B2DF017}"
EndProject
Global
	GlobalSection(SolutionConfigurationPlatforms) = preSolution
		Debug|Any CPU = Debug|Any CPU
		Release|Any CPU = Release|Any CPU
	EndGlobalSection
	GlobalSection(ProjectConfigurationPlatforms) = postSolution
		{C1F978F6-4BD1-45E5-A03E-8FDB257799F4}.Debug|Any CPU.ActiveCfg = Debug|Any CPU
		{C1F978F6-4BD1-45E5-A03E-8FDB257799F4}.Debug|Any CPU.Build.0 = Debug|Any CPU
		{C1F978F6-4BD1-45E5-A03E-8FDB257799F4}.Release|Any CPU.ActiveCfg = Release|Any CPU
		{C1F978F6-4BD1-45E5-A03E-8FDB257799F4}.Release|Any CPU.Build.0 = Release|Any CPU
		{7AF781AA-BAAE-48C5-86EB-800C7B2DF017}.Debug|Any CPU.ActiveCfg = Debug|Any CPU
		{7AF781AA-BAAE-48C5-86EB-800C7B2DF017}.Debug|Any CPU.Build.0 = Debug|Any CPU
		{7AF781AA-BAAE-48C5-86EB-800C7B2DF017}.Release|Any CPU.ActiveCfg = Release|Any CPU
		{7AF781AA-BAAE-48C5-86EB-800C7B2DF017}.Release|Any CPU.Build.0 = Release|Any CPU
	EndGlobalSection
	GlobalSection(SolutionProperties) = preSolution
		HideSolutionNode = FALSE
	EndGlobalSection
	GlobalSection(ExtensibilityGlobals) = postSolution
		SolutionGuid = {DAEDD7F3-C038-476F-9FC0-ED3B5676D5ED}
	EndGlobalSection
EndGlobal
